
Microsoft Visual Studio Solution File, Format Version 12.00
# Visual Studio Version 17
VisualStudioVersion = 17.10.35122.118
MinimumVisualStudioVersion = 10.0.40219.1
Project("{F184B08F-C81C-45F6-A57F-5ABD9991F28F}") = "StudentRecordManagementSystem", "StudentRecordManagementSystem\StudentRecordManagementSystem.vbproj", "{AEC12C43-7C77-401E-8677-1274D4DD4461}"
EndProject
Global
	GlobalSection(SolutionConfigurationPlatforms) = preSolution
		Debug|Any CPU = Debug|Any CPU
		Release|Any CPU = Release|Any CPU
	EndGlobalSection
	GlobalSection(ProjectConfigurationPlatforms) = postSolution
		{AEC12C43-7C77-401E-8677-1274D4DD4461}.Debug|Any CPU.ActiveCfg = Debug|Any CPU
		{AEC12C43-7C77-401E-8677-1274D4DD4461}.Debug|Any CPU.Build.0 = Debug|Any CPU
		{AEC12C43-7C77-401E-8677-1274D4DD4461}.Release|Any CPU.ActiveCfg = Release|Any CPU
		{AEC12C43-7C77-401E-8677-1274D4DD4461}.Release|Any CPU.Build.0 = Release|Any CPU
	EndGlobalSection
	GlobalSection(SolutionProperties) = preSolution
		HideSolutionNode = FALSE
	EndGlobalSection
	GlobalSection(ExtensibilityGlobals) = postSolution
		SolutionGuid = {3E48A123-1C60-4656-AE57-7F5F01DC4B5F}
	EndGlobalSection
EndGlobal
